
Microsoft Visual Studio Solution File, Format Version 12.00
# Visual Studio 15
VisualStudioVersion = 15.0.26403.3
MinimumVisualStudioVersion = 10.0.40219.1
Project("{FAE04EC0-301F-11D3-BF4B-00C04F79EFBC}") = "Pvara", "Pvara\Pvara.csproj", "{61157927-F787-49EA-A57D-0C79315B5890}"
EndProject
Project("{FAE04EC0-301F-11D3-BF4B-00C04F79EFBC}") = "Pvara.Tests", "Pvara.Tests\Pvara.Tests.csproj", "{9893AE7E-51A6-420B-8A2F-FD2B18F8CFAD}"
EndProject
Global
	GlobalSection(SolutionConfigurationPlatforms) = preSolution
		Debug|Any CPU = Debug|Any CPU
		Release|Any CPU = Release|Any CPU
	EndGlobalSection
	GlobalSection(ProjectConfigurationPlatforms) = postSolution
		{61157927-F787-49EA-A57D-0C79315B5890}.Debug|Any CPU.ActiveCfg = Debug|Any CPU
		{61157927-F787-49EA-A57D-0C79315B5890}.Debug|Any CPU.Build.0 = Debug|Any CPU
		{61157927-F787-49EA-A57D-0C79315B5890}.Release|Any CPU.ActiveCfg = Release|Any CPU
		{61157927-F787-49EA-A57D-0C79315B5890}.Release|Any CPU.Build.0 = Release|Any CPU
		{9893AE7E-51A6-420B-8A2F-FD2B18F8CFAD}.Debug|Any CPU.ActiveCfg = Debug|Any CPU
		{9893AE7E-51A6-420B-8A2F-FD2B18F8CFAD}.Debug|Any CPU.Build.0 = Debug|Any CPU
		{9893AE7E-51A6-420B-8A2F-FD2B18F8CFAD}.Release|Any CPU.ActiveCfg = Release|Any CPU
		{9893AE7E-51A6-420B-8A2F-FD2B18F8CFAD}.Release|Any CPU.Build.0 = Release|Any CPU
	EndGlobalSection
	GlobalSection(SolutionProperties) = preSolution
		HideSolutionNode = FALSE
	EndGlobalSection
EndGlobal
